
Microsoft Visual Studio Solution File, Format Version 12.00
# Visual Studio Version 16
VisualStudioVersion = 16.0.31205.134
MinimumVisualStudioVersion = 10.0.40219.1
Project("{FAE04EC0-301F-11D3-BF4B-00C04F79EFBC}") = "0423_interface", "0423_interface.csproj", "{E5D72488-1D5D-4B49-90F4-D06FC278CDC5}"
EndProject
Global
	GlobalSection(SolutionConfigurationPlatforms) = preSolution
		Debug|Any CPU = Debug|Any CPU
		Release|Any CPU = Release|Any CPU
	EndGlobalSection
	GlobalSection(ProjectConfigurationPlatforms) = postSolution
		{E5D72488-1D5D-4B49-90F4-D06FC278CDC5}.Debug|Any CPU.ActiveCfg = Debug|Any CPU
		{E5D72488-1D5D-4B49-90F4-D06FC278CDC5}.Debug|Any CPU.Build.0 = Debug|Any CPU
		{E5D72488-1D5D-4B49-90F4-D06FC278CDC5}.Release|Any CPU.ActiveCfg = Release|Any CPU
		{E5D72488-1D5D-4B49-90F4-D06FC278CDC5}.Release|Any CPU.Build.0 = Release|Any CPU
	EndGlobalSection
	GlobalSection(SolutionProperties) = preSolution
		HideSolutionNode = FALSE
	EndGlobalSection
	GlobalSection(ExtensibilityGlobals) = postSolution
		SolutionGuid = {A6E62B4A-AC9E-4B9F-9A0D-0445B303B7B8}
	EndGlobalSection
EndGlobal
