
Microsoft Visual Studio Solution File, Format Version 12.00
# Visual Studio Version 16
VisualStudioVersion = 16.0.31205.134
MinimumVisualStudioVersion = 10.0.40219.1
Project("{FAE04EC0-301F-11D3-BF4B-00C04F79EFBC}") = "0528_winform_control", "0528_winform_control.csproj", "{74DAEAB0-4C93-422E-AE92-61D1C0625B1B}"
EndProject
Global
	GlobalSection(SolutionConfigurationPlatforms) = preSolution
		Debug|Any CPU = Debug|Any CPU
		Release|Any CPU = Release|Any CPU
	EndGlobalSection
	GlobalSection(ProjectConfigurationPlatforms) = postSolution
		{74DAEAB0-4C93-422E-AE92-61D1C0625B1B}.Debug|Any CPU.ActiveCfg = Debug|Any CPU
		{74DAEAB0-4C93-422E-AE92-61D1C0625B1B}.Debug|Any CPU.Build.0 = Debug|Any CPU
		{74DAEAB0-4C93-422E-AE92-61D1C0625B1B}.Release|Any CPU.ActiveCfg = Release|Any CPU
		{74DAEAB0-4C93-422E-AE92-61D1C0625B1B}.Release|Any CPU.Build.0 = Release|Any CPU
	EndGlobalSection
	GlobalSection(SolutionProperties) = preSolution
		HideSolutionNode = FALSE
	EndGlobalSection
	GlobalSection(ExtensibilityGlobals) = postSolution
		SolutionGuid = {798A034E-D801-4B21-967B-31194DDDF40F}
	EndGlobalSection
EndGlobal
