
Microsoft Visual Studio Solution File, Format Version 12.00
# Visual Studio Version 16
VisualStudioVersion = 16.0.31205.134
MinimumVisualStudioVersion = 10.0.40219.1
Project("{FAE04EC0-301F-11D3-BF4B-00C04F79EFBC}") = "WindowsFormsApp1", "WindowsFormsApp1.csproj", "{D6366E89-3671-41AC-B08C-36709234A8E9}"
EndProject
Global
	GlobalSection(SolutionConfigurationPlatforms) = preSolution
		Debug|Any CPU = Debug|Any CPU
		Release|Any CPU = Release|Any CPU
	EndGlobalSection
	GlobalSection(ProjectConfigurationPlatforms) = postSolution
		{D6366E89-3671-41AC-B08C-36709234A8E9}.Debug|Any CPU.ActiveCfg = Debug|Any CPU
		{D6366E89-3671-41AC-B08C-36709234A8E9}.Debug|Any CPU.Build.0 = Debug|Any CPU
		{D6366E89-3671-41AC-B08C-36709234A8E9}.Release|Any CPU.ActiveCfg = Release|Any CPU
		{D6366E89-3671-41AC-B08C-36709234A8E9}.Release|Any CPU.Build.0 = Release|Any CPU
	EndGlobalSection
	GlobalSection(SolutionProperties) = preSolution
		HideSolutionNode = FALSE
	EndGlobalSection
	GlobalSection(ExtensibilityGlobals) = postSolution
		SolutionGuid = {774A3077-14E3-42D7-B9AF-DE3B8E19DA88}
	EndGlobalSection
EndGlobal
