
Microsoft Visual Studio Solution File, Format Version 12.00
# Visual Studio Version 16
VisualStudioVersion = 16.0.30711.63
MinimumVisualStudioVersion = 10.0.40219.1
Project("{FAE04EC0-301F-11D3-BF4B-00C04F79EFBC}") = "0402_class", "0402_class.csproj", "{E4D46327-FF5A-49DD-9844-51B83C042070}"
EndProject
Global
	GlobalSection(SolutionConfigurationPlatforms) = preSolution
		Debug|Any CPU = Debug|Any CPU
		Release|Any CPU = Release|Any CPU
	EndGlobalSection
	GlobalSection(ProjectConfigurationPlatforms) = postSolution
		{E4D46327-FF5A-49DD-9844-51B83C042070}.Debug|Any CPU.ActiveCfg = Debug|Any CPU
		{E4D46327-FF5A-49DD-9844-51B83C042070}.Debug|Any CPU.Build.0 = Debug|Any CPU
		{E4D46327-FF5A-49DD-9844-51B83C042070}.Release|Any CPU.ActiveCfg = Release|Any CPU
		{E4D46327-FF5A-49DD-9844-51B83C042070}.Release|Any CPU.Build.0 = Release|Any CPU
	EndGlobalSection
	GlobalSection(SolutionProperties) = preSolution
		HideSolutionNode = FALSE
	EndGlobalSection
	GlobalSection(ExtensibilityGlobals) = postSolution
		SolutionGuid = {629E4E2E-7D38-4576-BE50-9EB4BB6F79AB}
	EndGlobalSection
EndGlobal
